// !$*UTF8*$!
{
	archiveVersion = 1;
	classes = {
	};
	objectVersion = 46;
	objects = {

/* Begin PBXBuildFile section */
		F4756DB01BD93DBB007A1E43 /* Test.swift in Sources */ = {isa = PBXBuildFile; fileRef = F4756DAF1BD93DBB007A1E43 /* Test.swift */; settings = {ASSET_TAGS = (); }; };
		F4F14B401BD6D7C9003A3F50 /* AppDelegate.swift in Sources */ = {isa = PBXBuildFile; fileRef = F4F14B3F1BD6D7C9003A3F50 /* AppDelegate.swift */; };
		F4F14B421BD6D7C9003A3F50 /* ViewController.swift in Sources */ = {isa = PBXBuildFile; fileRef = F4F14B411BD6D7C9003A3F50 /* ViewController.swift */; };
		F4F14B451BD6D7C9003A3F50 /* Main.storyboard in Resources */ = {isa = PBXBuildFile; fileRef = F4F14B431BD6D7C9003A3F50 /* Main.storyboard */; };
		F4F14B471BD6D7C9003A3F50 /* Assets.xcassets in Resources */ = {isa = PBXBuildFile; fileRef = F4F14B461BD6D7C9003A3F50 /* Assets.xcassets */; };
		F4F14B4A1BD6D7C9003A3F50 /* LaunchScreen.storyboard in Resources */ = {isa = PBXBuildFile; fileRef = F4F14B481BD6D7C9003A3F50 /* LaunchScreen.storyboard */; };
/* End PBXBuildFile section */

/* Begin PBXFileReference section */
		F4756DAF1BD93DBB007A1E43 /* Test.swift */ = {isa = PBXFileReference; fileEncoding = 4; lastKnownFileType = sourcecode.swift; path = Test.swift; sourceTree = "<group>"; };
		F4F14B3C1BD6D7C9003A3F50 /* CurrencyConverter.app */ = {isa = PBXFileReference; explicitFileType = wrapper.application; includeInIndex = 0; path = CurrencyConverter.app; sourceTree = BUILT_PRODUCTS_DIR; };
		F4F14B3F1BD6D7C9003A3F50 /* AppDelegate.swift */ = {isa = PBXFileReference; lastKnownFileType = sourcecode.swift; path = AppDelegate.swift; sourceTree = "<group>"; };
		F4F14B411BD6D7C9003A3F50 /* ViewController.swift */ = {isa = PBXFileReference; lastKnownFileType = sourcecode.swift; path = ViewController.swift; sourceTree = "<group>"; };
		F4F14B441BD6D7C9003A3F50 /* Base */ = {isa = PBXFileReference; lastKnownFileType = file.storyboard; name = Base; path = Base.lproj/Main.storyboard; sourceTree = "<group>"; };
		F4F14B461BD6D7C9003A3F50 /* Assets.xcassets */ = {isa = PBXFileReference; lastKnownFileType = folder.assetcatalog; path = Assets.xcassets; sourceTree = "<group>"; };
		F4F14B491BD6D7C9003A3F50 /* Base */ = {isa = PBXFileReference; lastKnownFileType = file.storyboard; name = Base; path = Base.lproj/LaunchScreen.storyboard; sourceTree = "<group>"; };
		F4F14B4B1BD6D7C9003A3F50 /* Info.plist */ = {isa = PBXFileReference; lastKnownFileType = text.plist.xml; path = Info.plist; sourceTree = "<group>"; };
/* End PBXFileReference section */

/* Begin PBXFrameworksBuildPhase section */
		F4F14B391BD6D7C9003A3F50 /* Frameworks */ = {
			isa = PBXFrameworksBuildPhase;
			buildActionMask = 2147483647;
			files = (
			);
			runOnlyForDeploymentPostprocessing = 0;
		};
/* End PBXFrameworksBuildPhase section */

/* Begin PBXGroup section */
		F4756DAE1BD93D4F007A1E43 /* New Group */ = {
			isa = PBXGroup;
			children = (
				F4756DAF1BD93DBB007A1E43 /* Test.swift */,
			);
			name = "New Group";
			sourceTree = "<group>";
		};
		F4F14B331BD6D7C9003A3F50 = {
			isa = PBXGroup;
			children = (
				F4F14B3E1BD6D7C9003A3F50 /* CurrencyConverter */,
				F4F14B3D1BD6D7C9003A3F50 /* Products */,
			);
			sourceTree = "<group>";
		};
		F4F14B3D1BD6D7C9003A3F50 /* Products */ = {
			isa = PBXGroup;
			children = (
				F4F14B3C1BD6D7C9003A3F50 /* CurrencyConverter.app */,
			);
			name = Products;
			sourceTree = "<group>";
		};
		F4F14B3E1BD6D7C9003A3F50 /* CurrencyConverter */ = {
			isa = PBXGroup;
			children = (
				F4756DAE1BD93D4F007A1E43 /* New Group */,
				F4F14B3F1BD6D7C9003A3F50 /* AppDelegate.swift */,
				F4F14B411BD6D7C9003A3F50 /* ViewController.swift */,
				F4F14B431BD6D7C9003A3F50 /* Main.storyboard */,
				F4F14B461BD6D7C9003A3F50 /* Assets.xcassets */,
				F4F14B481BD6D7C9003A3F50 /* LaunchScreen.storyboard */,
				F4F14B4B1BD6D7C9003A3F50 /* Info.plist */,
			);
			path = CurrencyConverter;
			sourceTree = "<group>";
		};
/* End PBXGroup section */

/* Begin PBXNativeTarget section */
		F4F14B3B1BD6D7C9003A3F50 /* CurrencyConverter */ = {
			isa = PBXNativeTarget;
			buildConfigurationList = F4F14B4E1BD6D7C9003A3F50 /* Build configuration list for PBXNativeTarget "CurrencyConverter" */;
			buildPhases = (
				F4F14B381BD6D7C9003A3F50 /* Sources */,
				F4F14B391BD6D7C9003A3F50 /* Frameworks */,
				F4F14B3A1BD6D7C9003A3F50 /* Resources */,
			);
			buildRules = (
			);
			dependencies = (
			);
			name = CurrencyConverter;
			productName = CurrencyConverter;
			productReference = F4F14B3C1BD6D7C9003A3F50 /* CurrencyConverter.app */;
			productType = "com.apple.product-type.application";
		};
/* End PBXNativeTarget section */

/* Begin PBXProject section */
		F4F14B341BD6D7C9003A3F50 /* Project object */ = {
			isa = PBXProject;
			attributes = {
				LastUpgradeCheck = 0700;
				ORGANIZATIONNAME = "Zoran Lazic";
				TargetAttributes = {
					F4F14B3B1BD6D7C9003A3F50 = {
						CreatedOnToolsVersion = 7.0.1;
					};
				};
			};
			buildConfigurationList = F4F14B371BD6D7C9003A3F50 /* Build configuration list for PBXProject "CurrencyConverter" */;
			compatibilityVersion = "Xcode 3.2";
			developmentRegion = English;
			hasScannedForEncodings = 0;
			knownRegions = (
				en,
				Base,
			);
			mainGroup = F4F14B331BD6D7C9003A3F50;
			productRefGroup = F4F14B3D1BD6D7C9003A3F50 /* Products */;
			projectDirPath = "";
			projectRoot = "";
			targets = (
				F4F14B3B1BD6D7C9003A3F50 /* CurrencyConverter */,
			);
		};
/* End PBXProject section */

/* Begin PBXResourcesBuildPhase section */
		F4F14B3A1BD6D7C9003A3F50 /* Resources */ = {
			isa = PBXResourcesBuildPhase;
			buildActionMask = 2147483647;
			files = (
				F4F14B4A1BD6D7C9003A3F50 /* LaunchScreen.storyboard in Resources */,
				F4F14B471BD6D7C9003A3F50 /* Assets.xcassets in Resources */,
				F4F14B451BD6D7C9003A3F50 /* Main.storyboard in Resources */,
			);
			runOnlyForDeploymentPostprocessing = 0;
		};
/* End PBXResourcesBuildPhase section */

/* Begin PBXSourcesBuildPhase section */
		F4F14B381BD6D7C9003A3F50 /* Sources */ = {
			isa = PBXSourcesBuildPhase;
			buildActionMask = 2147483647;
			files = (
				F4F14B421BD6D7C9003A3F50 /* ViewController.swift in Sources */,
				F4F14B401BD6D7C9003A3F50 /* AppDelegate.swift in Sources */,
				F4756DB01BD93DBB007A1E43 /* Test.swift in Sources */,
			);
			runOnlyForDeploymentPostprocessing = 0;
		};
/* End PBXSourcesBuildPhase section */

/* Begin PBXVariantGroup section */
		F4F14B431BD6D7C9003A3F50 /* Main.storyboard */ = {
			isa = PBXVariantGroup;
			children = (
				F4F14B441BD6D7C9003A3F50 /* Base */,
			);
			name = Main.storyboard;
			sourceTree = "<group>";
		};
		F4F14B481BD6D7C9003A3F50 /* LaunchScreen.storyboard */ = {
			isa = PBXVariantGroup;
			children = (
				F4F14B491BD6D7C9003A3F50 /* Base */,
			);
			name = LaunchScreen.storyboard;
			sourceTree = "<group>";
		};
/* End PBXVariantGroup section */

/* Begin XCBuildConfiguration section */
		F4F14B4C1BD6D7C9003A3F50 /* Debug */ = {
			isa = XCBuildConfiguration;
			buildSettings = {
				ALWAYS_SEARCH_USER_PATHS = NO;
				CLANG_CXX_LANGUAGE_STANDARD = "gnu++0x";
				CLANG_CXX_LIBRARY = "libc++";
				CLANG_ENABLE_MODULES = YES;
				CLANG_ENABLE_OBJC_ARC = YES;
				CLANG_WARN_BOOL_CONVERSION = YES;
				CLANG_WARN_CONSTANT_CONVERSION = YES;
				CLANG_WARN_DIRECT_OBJC_ISA_USAGE = YES_ERROR;
				CLANG_WARN_EMPTY_BODY = YES;
				CLANG_WARN_ENUM_CONVERSION = YES;
				CLANG_WARN_INT_CONVERSION = YES;
				CLANG_WARN_OBJC_ROOT_CLASS = YES_ERROR;
				CLANG_WARN_UNREACHABLE_CODE = YES;
				CLANG_WARN__DUPLICATE_METHOD_MATCH = YES;
				"CODE_SIGN_IDENTITY[sdk=iphoneos*]" = "iPhone Developer";
				COPY_PHASE_STRIP = NO;
				DEBUG_INFORMATION_FORMAT = dwarf;
				ENABLE_STRICT_OBJC_MSGSEND = YES;
				ENABLE_TESTABILITY = YES;
				GCC_C_LANGUAGE_STANDARD = gnu99;
				GCC_DYNAMIC_NO_PIC = NO;
				GCC_NO_COMMON_BLOCKS = YES;
				GCC_OPTIMIZATION_LEVEL = 0;
				GCC_PREPROCESSOR_DEFINITIONS = (
					"DEBUG=1",
					"$(inherited)",
				);
				GCC_WARN_64_TO_32_BIT_CONVERSION = YES;
				GCC_WARN_ABOUT_RETURN_TYPE = YES_ERROR;
				GCC_WARN_UNDECLARED_SELECTOR = YES;
				GCC_WARN_UNINITIALIZED_AUTOS = YES_AGGRESSIVE;
				GCC_WARN_UNUSED_FUNCTION = YES;
				GCC_WARN_UNUSED_VARIABLE = YES;
				IPHONEOS_DEPLOYMENT_TARGET = 9.0;
				MTL_ENABLE_DEBUG_INFO = YES;
				ONLY_ACTIVE_ARCH = YES;
				SDKROOT = iphoneos;
				SWIFT_OPTIMIZATION_LEVEL = "-Onone";
				TARGETED_DEVICE_FAMILY = "1,2";
			};
			name = Debug;
		};
		F4F14B4D1BD6D7C9003A3F50 /* Release */ = {
			isa = XCBuildConfiguration;
			buildSettings = {
				ALWAYS_SEARCH_USER_PATHS = NO;
				CLANG_CXX_LANGUAGE_STANDARD = "gnu++0x";
				CLANG_CXX_LIBRARY = "libc++";
				CLANG_ENABLE_MODULES = YES;
				CLANG_ENABLE_OBJC_ARC = YES;
				CLANG_WARN_BOOL_CONVERSION = YES;
				CLANG_WARN_CONSTANT_CONVERSION = YES;
				CLANG_WARN_DIRECT_OBJC_ISA_USAGE = YES_ERROR;
				CLANG_WARN_EMPTY_BODY = YES;
				CLANG_WARN_ENUM_CONVERSION = YES;
				CLANG_WARN_INT_CONVERSION = YES;
				CLANG_WARN_OBJC_ROOT_CLASS = YES_ERROR;
				CLANG_WARN_UNREACHABLE_CODE = YES;
				CLANG_WARN__DUPLICATE_METHOD_MATCH = YES;
				"CODE_SIGN_IDENTITY[sdk=iphoneos*]" = "iPhone Developer";
				COPY_PHASE_STRIP = NO;
				DEBUG_INFORMATION_FORMAT = "dwarf-with-dsym";
				ENABLE_NS_ASSERTIONS = NO;
				ENABLE_STRICT_OBJC_MSGSEND = YES;
				GCC_C_LANGUAGE_STANDARD = gnu99;
				GCC_NO_COMMON_BLOCKS = YES;
				GCC_WARN_64_TO_32_BIT_CONVERSION = YES;
				GCC_WARN_ABOUT_RETURN_TYPE = YES_ERROR;
				GCC_WARN_UNDECLARED_SELECTOR = YES;
				GCC_WARN_UNINITIALIZED_AUTOS = YES_AGGRESSIVE;
				GCC_WARN_UNUSED_FUNCTION = YES;
				GCC_WARN_UNUSED_VARIABLE = YES;
				IPHONEOS_DEPLOYMENT_TARGET = 9.0;
				MTL_ENABLE_DEBUG_INFO = NO;
				SDKROOT = iphoneos;
				TARGETED_DEVICE_FAMILY = "1,2";
				VALIDATE_PRODUCT = YES;
			};
			name = Release;
		};
		F4F14B4F1BD6D7C9003A3F50 /* Debug */ = {
			isa = XCBuildConfiguration;
			buildSettings = {
				ASSETCATALOG_COMPILER_APPICON_NAME = AppIcon;
				INFOPLIST_FILE = CurrencyConverter/Info.plist;
				LD_RUNPATH_SEARCH_PATHS = "$(inherited) @executable_path/Frameworks";
				PRODUCT_BUNDLE_IDENTIFIER = dotZoki.CurrencyConverter;
				PRODUCT_NAME = "$(TARGET_NAME)";
			};
			name = Debug;
		};
		F4F14B501BD6D7C9003A3F50 /* Release */ = {
			isa = XCBuildConfiguration;
			buildSettings = {
				ASSETCATALOG_COMPILER_APPICON_NAME = AppIcon;
				INFOPLIST_FILE = CurrencyConverter/Info.plist;
				LD_RUNPATH_SEARCH_PATHS = "$(inherited) @executable_path/Frameworks";
				PRODUCT_BUNDLE_IDENTIFIER = dotZoki.CurrencyConverter;
				PRODUCT_NAME = "$(TARGET_NAME)";
			};
			name = Release;
		};
/* End XCBuildConfiguration section */

/* Begin XCConfigurationList section */
		F4F14B371BD6D7C9003A3F50 /* Build configuration list for PBXProject "CurrencyConverter" */ = {
			isa = XCConfigurationList;
			buildConfigurations = (
				F4F14B4C1BD6D7C9003A3F50 /* Debug */,
				F4F14B4D1BD6D7C9003A3F50 /* Release */,
			);
			defaultConfigurationIsVisible = 0;
			defaultConfigurationName = Release;
		};
		F4F14B4E1BD6D7C9003A3F50 /* Build configuration list for PBXNativeTarget "CurrencyConverter" */ = {
			isa = XCConfigurationList;
			buildConfigurations = (
				F4F14B4F1BD6D7C9003A3F50 /* Debug */,
				F4F14B501BD6D7C9003A3F50 /* Release */,
			);
			defaultConfigurationIsVisible = 0;
			defaultConfigurationName = Release;
		};
/* End XCConfigurationList section */
	};
	rootObject = F4F14B341BD6D7C9003A3F50 /* Project object */;
}
