// !$*UTF8*$!
{
	archiveVersion = 1;
	classes = {
	};
	objectVersion = 46;
	objects = {

/* Begin PBXBuildFile section */
		F43A07FD1BEBBF25005EE142 /* AppDelegate.swift in Sources */ = {isa = PBXBuildFile; fileRef = F43A07FC1BEBBF25005EE142 /* AppDelegate.swift */; };
		F43A07FF1BEBBF25005EE142 /* ViewController.swift in Sources */ = {isa = PBXBuildFile; fileRef = F43A07FE1BEBBF25005EE142 /* ViewController.swift */; };
		F43A08021BEBBF25005EE142 /* Main.storyboard in Resources */ = {isa = PBXBuildFile; fileRef = F43A08001BEBBF25005EE142 /* Main.storyboard */; };
		F43A08041BEBBF25005EE142 /* Assets.xcassets in Resources */ = {isa = PBXBuildFile; fileRef = F43A08031BEBBF25005EE142 /* Assets.xcassets */; };
		F43A08071BEBBF25005EE142 /* LaunchScreen.storyboard in Resources */ = {isa = PBXBuildFile; fileRef = F43A08051BEBBF25005EE142 /* LaunchScreen.storyboard */; };
/* End PBXBuildFile section */

/* Begin PBXFileReference section */
		F43A07F91BEBBF25005EE142 /* Layouting.app */ = {isa = PBXFileReference; explicitFileType = wrapper.application; includeInIndex = 0; path = Layouting.app; sourceTree = BUILT_PRODUCTS_DIR; };
		F43A07FC1BEBBF25005EE142 /* AppDelegate.swift */ = {isa = PBXFileReference; lastKnownFileType = sourcecode.swift; path = AppDelegate.swift; sourceTree = "<group>"; };
		F43A07FE1BEBBF25005EE142 /* ViewController.swift */ = {isa = PBXFileReference; lastKnownFileType = sourcecode.swift; path = ViewController.swift; sourceTree = "<group>"; };
		F43A08011BEBBF25005EE142 /* Base */ = {isa = PBXFileReference; lastKnownFileType = file.storyboard; name = Base; path = Base.lproj/Main.storyboard; sourceTree = "<group>"; };
		F43A08031BEBBF25005EE142 /* Assets.xcassets */ = {isa = PBXFileReference; lastKnownFileType = folder.assetcatalog; path = Assets.xcassets; sourceTree = "<group>"; };
		F43A08061BEBBF25005EE142 /* Base */ = {isa = PBXFileReference; lastKnownFileType = file.storyboard; name = Base; path = Base.lproj/LaunchScreen.storyboard; sourceTree = "<group>"; };
		F43A08081BEBBF25005EE142 /* Info.plist */ = {isa = PBXFileReference; lastKnownFileType = text.plist.xml; path = Info.plist; sourceTree = "<group>"; };
/* End PBXFileReference section */

/* Begin PBXFrameworksBuildPhase section */
		F43A07F61BEBBF25005EE142 /* Frameworks */ = {
			isa = PBXFrameworksBuildPhase;
			buildActionMask = 2147483647;
			files = (
			);
			runOnlyForDeploymentPostprocessing = 0;
		};
/* End PBXFrameworksBuildPhase section */

/* Begin PBXGroup section */
		F43A07F01BEBBF25005EE142 = {
			isa = PBXGroup;
			children = (
				F43A07FB1BEBBF25005EE142 /* Layouting */,
				F43A07FA1BEBBF25005EE142 /* Products */,
			);
			sourceTree = "<group>";
		};
		F43A07FA1BEBBF25005EE142 /* Products */ = {
			isa = PBXGroup;
			children = (
				F43A07F91BEBBF25005EE142 /* Layouting.app */,
			);
			name = Products;
			sourceTree = "<group>";
		};
		F43A07FB1BEBBF25005EE142 /* Layouting */ = {
			isa = PBXGroup;
			children = (
				F43A07FC1BEBBF25005EE142 /* AppDelegate.swift */,
				F43A07FE1BEBBF25005EE142 /* ViewController.swift */,
				F43A08001BEBBF25005EE142 /* Main.storyboard */,
				F43A08031BEBBF25005EE142 /* Assets.xcassets */,
				F43A08051BEBBF25005EE142 /* LaunchScreen.storyboard */,
				F43A08081BEBBF25005EE142 /* Info.plist */,
			);
			path = Layouting;
			sourceTree = "<group>";
		};
/* End PBXGroup section */

/* Begin PBXNativeTarget section */
		F43A07F81BEBBF25005EE142 /* Layouting */ = {
			isa = PBXNativeTarget;
			buildConfigurationList = F43A080B1BEBBF25005EE142 /* Build configuration list for PBXNativeTarget "Layouting" */;
			buildPhases = (
				F43A07F51BEBBF25005EE142 /* Sources */,
				F43A07F61BEBBF25005EE142 /* Frameworks */,
				F43A07F71BEBBF25005EE142 /* Resources */,
			);
			buildRules = (
			);
			dependencies = (
			);
			name = Layouting;
			productName = Layouting;
			productReference = F43A07F91BEBBF25005EE142 /* Layouting.app */;
			productType = "com.apple.product-type.application";
		};
/* End PBXNativeTarget section */

/* Begin PBXProject section */
		F43A07F11BEBBF25005EE142 /* Project object */ = {
			isa = PBXProject;
			attributes = {
				LastSwiftUpdateCheck = 0710;
				LastUpgradeCheck = 0710;
				ORGANIZATIONNAME = "Zoran Lazic";
				TargetAttributes = {
					F43A07F81BEBBF25005EE142 = {
						CreatedOnToolsVersion = 7.1;
					};
				};
			};
			buildConfigurationList = F43A07F41BEBBF25005EE142 /* Build configuration list for PBXProject "Layouting" */;
			compatibilityVersion = "Xcode 3.2";
			developmentRegion = English;
			hasScannedForEncodings = 0;
			knownRegions = (
				en,
				Base,
			);
			mainGroup = F43A07F01BEBBF25005EE142;
			productRefGroup = F43A07FA1BEBBF25005EE142 /* Products */;
			projectDirPath = "";
			projectRoot = "";
			targets = (
				F43A07F81BEBBF25005EE142 /* Layouting */,
			);
		};
/* End PBXProject section */

/* Begin PBXResourcesBuildPhase section */
		F43A07F71BEBBF25005EE142 /* Resources */ = {
			isa = PBXResourcesBuildPhase;
			buildActionMask = 2147483647;
			files = (
				F43A08071BEBBF25005EE142 /* LaunchScreen.storyboard in Resources */,
				F43A08041BEBBF25005EE142 /* Assets.xcassets in Resources */,
				F43A08021BEBBF25005EE142 /* Main.storyboard in Resources */,
			);
			runOnlyForDeploymentPostprocessing = 0;
		};
/* End PBXResourcesBuildPhase section */

/* Begin PBXSourcesBuildPhase section */
		F43A07F51BEBBF25005EE142 /* Sources */ = {
			isa = PBXSourcesBuildPhase;
			buildActionMask = 2147483647;
			files = (
				F43A07FF1BEBBF25005EE142 /* ViewController.swift in Sources */,
				F43A07FD1BEBBF25005EE142 /* AppDelegate.swift in Sources */,
			);
			runOnlyForDeploymentPostprocessing = 0;
		};
/* End PBXSourcesBuildPhase section */

/* Begin PBXVariantGroup section */
		F43A08001BEBBF25005EE142 /* Main.storyboard */ = {
			isa = PBXVariantGroup;
			children = (
				F43A08011BEBBF25005EE142 /* Base */,
			);
			name = Main.storyboard;
			sourceTree = "<group>";
		};
		F43A08051BEBBF25005EE142 /* LaunchScreen.storyboard */ = {
			isa = PBXVariantGroup;
			children = (
				F43A08061BEBBF25005EE142 /* Base */,
			);
			name = LaunchScreen.storyboard;
			sourceTree = "<group>";
		};
/* End PBXVariantGroup section */

/* Begin XCBuildConfiguration section */
		F43A08091BEBBF25005EE142 /* Debug */ = {
			isa = XCBuildConfiguration;
			buildSettings = {
				ALWAYS_SEARCH_USER_PATHS = NO;
				CLANG_CXX_LANGUAGE_STANDARD = "gnu++0x";
				CLANG_CXX_LIBRARY = "libc++";
				CLANG_ENABLE_MODULES = YES;
				CLANG_ENABLE_OBJC_ARC = YES;
				CLANG_WARN_BOOL_CONVERSION = YES;
				CLANG_WARN_CONSTANT_CONVERSION = YES;
				CLANG_WARN_DIRECT_OBJC_ISA_USAGE = YES_ERROR;
				CLANG_WARN_EMPTY_BODY = YES;
				CLANG_WARN_ENUM_CONVERSION = YES;
				CLANG_WARN_INT_CONVERSION = YES;
				CLANG_WARN_OBJC_ROOT_CLASS = YES_ERROR;
				CLANG_WARN_UNREACHABLE_CODE = YES;
				CLANG_WARN__DUPLICATE_METHOD_MATCH = YES;
				"CODE_SIGN_IDENTITY[sdk=iphoneos*]" = "iPhone Developer";
				COPY_PHASE_STRIP = NO;
				DEBUG_INFORMATION_FORMAT = dwarf;
				ENABLE_STRICT_OBJC_MSGSEND = YES;
				ENABLE_TESTABILITY = YES;
				GCC_C_LANGUAGE_STANDARD = gnu99;
				GCC_DYNAMIC_NO_PIC = NO;
				GCC_NO_COMMON_BLOCKS = YES;
				GCC_OPTIMIZATION_LEVEL = 0;
				GCC_PREPROCESSOR_DEFINITIONS = (
					"DEBUG=1",
					"$(inherited)",
				);
				GCC_WARN_64_TO_32_BIT_CONVERSION = YES;
				GCC_WARN_ABOUT_RETURN_TYPE = YES_ERROR;
				GCC_WARN_UNDECLARED_SELECTOR = YES;
				GCC_WARN_UNINITIALIZED_AUTOS = YES_AGGRESSIVE;
				GCC_WARN_UNUSED_FUNCTION = YES;
				GCC_WARN_UNUSED_VARIABLE = YES;
				IPHONEOS_DEPLOYMENT_TARGET = 9.1;
				MTL_ENABLE_DEBUG_INFO = YES;
				ONLY_ACTIVE_ARCH = YES;
				SDKROOT = iphoneos;
				SWIFT_OPTIMIZATION_LEVEL = "-Onone";
				TARGETED_DEVICE_FAMILY = "1,2";
			};
			name = Debug;
		};
		F43A080A1BEBBF25005EE142 /* Release */ = {
			isa = XCBuildConfiguration;
			buildSettings = {
				ALWAYS_SEARCH_USER_PATHS = NO;
				CLANG_CXX_LANGUAGE_STANDARD = "gnu++0x";
				CLANG_CXX_LIBRARY = "libc++";
				CLANG_ENABLE_MODULES = YES;
				CLANG_ENABLE_OBJC_ARC = YES;
				CLANG_WARN_BOOL_CONVERSION = YES;
				CLANG_WARN_CONSTANT_CONVERSION = YES;
				CLANG_WARN_DIRECT_OBJC_ISA_USAGE = YES_ERROR;
				CLANG_WARN_EMPTY_BODY = YES;
				CLANG_WARN_ENUM_CONVERSION = YES;
				CLANG_WARN_INT_CONVERSION = YES;
				CLANG_WARN_OBJC_ROOT_CLASS = YES_ERROR;
				CLANG_WARN_UNREACHABLE_CODE = YES;
				CLANG_WARN__DUPLICATE_METHOD_MATCH = YES;
				"CODE_SIGN_IDENTITY[sdk=iphoneos*]" = "iPhone Developer";
				COPY_PHASE_STRIP = NO;
				DEBUG_INFORMATION_FORMAT = "dwarf-with-dsym";
				ENABLE_NS_ASSERTIONS = NO;
				ENABLE_STRICT_OBJC_MSGSEND = YES;
				GCC_C_LANGUAGE_STANDARD = gnu99;
				GCC_NO_COMMON_BLOCKS = YES;
				GCC_WARN_64_TO_32_BIT_CONVERSION = YES;
				GCC_WARN_ABOUT_RETURN_TYPE = YES_ERROR;
				GCC_WARN_UNDECLARED_SELECTOR = YES;
				GCC_WARN_UNINITIALIZED_AUTOS = YES_AGGRESSIVE;
				GCC_WARN_UNUSED_FUNCTION = YES;
				GCC_WARN_UNUSED_VARIABLE = YES;
				IPHONEOS_DEPLOYMENT_TARGET = 9.1;
				MTL_ENABLE_DEBUG_INFO = NO;
				SDKROOT = iphoneos;
				TARGETED_DEVICE_FAMILY = "1,2";
				VALIDATE_PRODUCT = YES;
			};
			name = Release;
		};
		F43A080C1BEBBF25005EE142 /* Debug */ = {
			isa = XCBuildConfiguration;
			buildSettings = {
				ASSETCATALOG_COMPILER_APPICON_NAME = AppIcon;
				INFOPLIST_FILE = Layouting/Info.plist;
				LD_RUNPATH_SEARCH_PATHS = "$(inherited) @executable_path/Frameworks";
				PRODUCT_BUNDLE_IDENTIFIER = dotZoki.Layouting;
				PRODUCT_NAME = "$(TARGET_NAME)";
			};
			name = Debug;
		};
		F43A080D1BEBBF25005EE142 /* Release */ = {
			isa = XCBuildConfiguration;
			buildSettings = {
				ASSETCATALOG_COMPILER_APPICON_NAME = AppIcon;
				INFOPLIST_FILE = Layouting/Info.plist;
				LD_RUNPATH_SEARCH_PATHS = "$(inherited) @executable_path/Frameworks";
				PRODUCT_BUNDLE_IDENTIFIER = dotZoki.Layouting;
				PRODUCT_NAME = "$(TARGET_NAME)";
			};
			name = Release;
		};
/* End XCBuildConfiguration section */

/* Begin XCConfigurationList section */
		F43A07F41BEBBF25005EE142 /* Build configuration list for PBXProject "Layouting" */ = {
			isa = XCConfigurationList;
			buildConfigurations = (
				F43A08091BEBBF25005EE142 /* Debug */,
				F43A080A1BEBBF25005EE142 /* Release */,
			);
			defaultConfigurationIsVisible = 0;
			defaultConfigurationName = Release;
		};
		F43A080B1BEBBF25005EE142 /* Build configuration list for PBXNativeTarget "Layouting" */ = {
			isa = XCConfigurationList;
			buildConfigurations = (
				F43A080C1BEBBF25005EE142 /* Debug */,
				F43A080D1BEBBF25005EE142 /* Release */,
			);
			defaultConfigurationIsVisible = 0;
		};
/* End XCConfigurationList section */
	};
	rootObject = F43A07F11BEBBF25005EE142 /* Project object */;
}
