// !$*UTF8*$!
{
	archiveVersion = 1;
	classes = {
	};
	objectVersion = 46;
	objects = {

/* Begin PBXBuildFile section */
		F4F14B5E1BD6EDC8003A3F50 /* AppDelegate.swift in Sources */ = {isa = PBXBuildFile; fileRef = F4F14B5D1BD6EDC8003A3F50 /* AppDelegate.swift */; };
		F4F14B601BD6EDC8003A3F50 /* ViewController.swift in Sources */ = {isa = PBXBuildFile; fileRef = F4F14B5F1BD6EDC8003A3F50 /* ViewController.swift */; };
		F4F14B631BD6EDC8003A3F50 /* Main.storyboard in Resources */ = {isa = PBXBuildFile; fileRef = F4F14B611BD6EDC8003A3F50 /* Main.storyboard */; };
		F4F14B651BD6EDC8003A3F50 /* Assets.xcassets in Resources */ = {isa = PBXBuildFile; fileRef = F4F14B641BD6EDC8003A3F50 /* Assets.xcassets */; };
		F4F14B681BD6EDC8003A3F50 /* LaunchScreen.storyboard in Resources */ = {isa = PBXBuildFile; fileRef = F4F14B661BD6EDC8003A3F50 /* LaunchScreen.storyboard */; };
		F4F14B701BD6EE09003A3F50 /* DTTask.swift in Sources */ = {isa = PBXBuildFile; fileRef = F4F14B6F1BD6EE09003A3F50 /* DTTask.swift */; settings = {ASSET_TAGS = (); }; };
		F4F14B721BD6EE4E003A3F50 /* DTTaskPriority.swift in Sources */ = {isa = PBXBuildFile; fileRef = F4F14B711BD6EE4E003A3F50 /* DTTaskPriority.swift */; settings = {ASSET_TAGS = (); }; };
		F4F14B741BD6EE98003A3F50 /* DTTaskState.swift in Sources */ = {isa = PBXBuildFile; fileRef = F4F14B731BD6EE98003A3F50 /* DTTaskState.swift */; settings = {ASSET_TAGS = (); }; };
		F4F14B761BD6EEDA003A3F50 /* DTTaskManager.swift in Sources */ = {isa = PBXBuildFile; fileRef = F4F14B751BD6EEDA003A3F50 /* DTTaskManager.swift */; settings = {ASSET_TAGS = (); }; };
/* End PBXBuildFile section */

/* Begin PBXFileReference section */
		F4F14B5A1BD6EDC8003A3F50 /* DoThat.app */ = {isa = PBXFileReference; explicitFileType = wrapper.application; includeInIndex = 0; path = DoThat.app; sourceTree = BUILT_PRODUCTS_DIR; };
		F4F14B5D1BD6EDC8003A3F50 /* AppDelegate.swift */ = {isa = PBXFileReference; lastKnownFileType = sourcecode.swift; path = AppDelegate.swift; sourceTree = "<group>"; };
		F4F14B5F1BD6EDC8003A3F50 /* ViewController.swift */ = {isa = PBXFileReference; lastKnownFileType = sourcecode.swift; path = ViewController.swift; sourceTree = "<group>"; };
		F4F14B621BD6EDC8003A3F50 /* Base */ = {isa = PBXFileReference; lastKnownFileType = file.storyboard; name = Base; path = Base.lproj/Main.storyboard; sourceTree = "<group>"; };
		F4F14B641BD6EDC8003A3F50 /* Assets.xcassets */ = {isa = PBXFileReference; lastKnownFileType = folder.assetcatalog; path = Assets.xcassets; sourceTree = "<group>"; };
		F4F14B671BD6EDC8003A3F50 /* Base */ = {isa = PBXFileReference; lastKnownFileType = file.storyboard; name = Base; path = Base.lproj/LaunchScreen.storyboard; sourceTree = "<group>"; };
		F4F14B691BD6EDC8003A3F50 /* Info.plist */ = {isa = PBXFileReference; lastKnownFileType = text.plist.xml; path = Info.plist; sourceTree = "<group>"; };
		F4F14B6F1BD6EE09003A3F50 /* DTTask.swift */ = {isa = PBXFileReference; fileEncoding = 4; lastKnownFileType = sourcecode.swift; path = DTTask.swift; sourceTree = "<group>"; };
		F4F14B711BD6EE4E003A3F50 /* DTTaskPriority.swift */ = {isa = PBXFileReference; fileEncoding = 4; lastKnownFileType = sourcecode.swift; path = DTTaskPriority.swift; sourceTree = "<group>"; };
		F4F14B731BD6EE98003A3F50 /* DTTaskState.swift */ = {isa = PBXFileReference; fileEncoding = 4; lastKnownFileType = sourcecode.swift; path = DTTaskState.swift; sourceTree = "<group>"; };
		F4F14B751BD6EEDA003A3F50 /* DTTaskManager.swift */ = {isa = PBXFileReference; fileEncoding = 4; lastKnownFileType = sourcecode.swift; path = DTTaskManager.swift; sourceTree = "<group>"; };
/* End PBXFileReference section */

/* Begin PBXFrameworksBuildPhase section */
		F4F14B571BD6EDC8003A3F50 /* Frameworks */ = {
			isa = PBXFrameworksBuildPhase;
			buildActionMask = 2147483647;
			files = (
			);
			runOnlyForDeploymentPostprocessing = 0;
		};
/* End PBXFrameworksBuildPhase section */

/* Begin PBXGroup section */
		F4F14B511BD6EDC8003A3F50 = {
			isa = PBXGroup;
			children = (
				F4F14B5C1BD6EDC8003A3F50 /* DoThat */,
				F4F14B5B1BD6EDC8003A3F50 /* Products */,
			);
			sourceTree = "<group>";
		};
		F4F14B5B1BD6EDC8003A3F50 /* Products */ = {
			isa = PBXGroup;
			children = (
				F4F14B5A1BD6EDC8003A3F50 /* DoThat.app */,
			);
			name = Products;
			sourceTree = "<group>";
		};
		F4F14B5C1BD6EDC8003A3F50 /* DoThat */ = {
			isa = PBXGroup;
			children = (
				F4F14B5D1BD6EDC8003A3F50 /* AppDelegate.swift */,
				F4F14B5F1BD6EDC8003A3F50 /* ViewController.swift */,
				F4F14B611BD6EDC8003A3F50 /* Main.storyboard */,
				F4F14B641BD6EDC8003A3F50 /* Assets.xcassets */,
				F4F14B661BD6EDC8003A3F50 /* LaunchScreen.storyboard */,
				F4F14B691BD6EDC8003A3F50 /* Info.plist */,
				F4F14B6F1BD6EE09003A3F50 /* DTTask.swift */,
				F4F14B711BD6EE4E003A3F50 /* DTTaskPriority.swift */,
				F4F14B731BD6EE98003A3F50 /* DTTaskState.swift */,
				F4F14B751BD6EEDA003A3F50 /* DTTaskManager.swift */,
			);
			path = DoThat;
			sourceTree = "<group>";
		};
/* End PBXGroup section */

/* Begin PBXNativeTarget section */
		F4F14B591BD6EDC8003A3F50 /* DoThat */ = {
			isa = PBXNativeTarget;
			buildConfigurationList = F4F14B6C1BD6EDC8003A3F50 /* Build configuration list for PBXNativeTarget "DoThat" */;
			buildPhases = (
				F4F14B561BD6EDC8003A3F50 /* Sources */,
				F4F14B571BD6EDC8003A3F50 /* Frameworks */,
				F4F14B581BD6EDC8003A3F50 /* Resources */,
			);
			buildRules = (
			);
			dependencies = (
			);
			name = DoThat;
			productName = DoThat;
			productReference = F4F14B5A1BD6EDC8003A3F50 /* DoThat.app */;
			productType = "com.apple.product-type.application";
		};
/* End PBXNativeTarget section */

/* Begin PBXProject section */
		F4F14B521BD6EDC8003A3F50 /* Project object */ = {
			isa = PBXProject;
			attributes = {
				LastUpgradeCheck = 0700;
				ORGANIZATIONNAME = "Zoran Lazic";
				TargetAttributes = {
					F4F14B591BD6EDC8003A3F50 = {
						CreatedOnToolsVersion = 7.0.1;
					};
				};
			};
			buildConfigurationList = F4F14B551BD6EDC8003A3F50 /* Build configuration list for PBXProject "DoThat" */;
			compatibilityVersion = "Xcode 3.2";
			developmentRegion = English;
			hasScannedForEncodings = 0;
			knownRegions = (
				en,
				Base,
			);
			mainGroup = F4F14B511BD6EDC8003A3F50;
			productRefGroup = F4F14B5B1BD6EDC8003A3F50 /* Products */;
			projectDirPath = "";
			projectRoot = "";
			targets = (
				F4F14B591BD6EDC8003A3F50 /* DoThat */,
			);
		};
/* End PBXProject section */

/* Begin PBXResourcesBuildPhase section */
		F4F14B581BD6EDC8003A3F50 /* Resources */ = {
			isa = PBXResourcesBuildPhase;
			buildActionMask = 2147483647;
			files = (
				F4F14B681BD6EDC8003A3F50 /* LaunchScreen.storyboard in Resources */,
				F4F14B651BD6EDC8003A3F50 /* Assets.xcassets in Resources */,
				F4F14B631BD6EDC8003A3F50 /* Main.storyboard in Resources */,
			);
			runOnlyForDeploymentPostprocessing = 0;
		};
/* End PBXResourcesBuildPhase section */

/* Begin PBXSourcesBuildPhase section */
		F4F14B561BD6EDC8003A3F50 /* Sources */ = {
			isa = PBXSourcesBuildPhase;
			buildActionMask = 2147483647;
			files = (
				F4F14B761BD6EEDA003A3F50 /* DTTaskManager.swift in Sources */,
				F4F14B721BD6EE4E003A3F50 /* DTTaskPriority.swift in Sources */,
				F4F14B741BD6EE98003A3F50 /* DTTaskState.swift in Sources */,
				F4F14B601BD6EDC8003A3F50 /* ViewController.swift in Sources */,
				F4F14B5E1BD6EDC8003A3F50 /* AppDelegate.swift in Sources */,
				F4F14B701BD6EE09003A3F50 /* DTTask.swift in Sources */,
			);
			runOnlyForDeploymentPostprocessing = 0;
		};
/* End PBXSourcesBuildPhase section */

/* Begin PBXVariantGroup section */
		F4F14B611BD6EDC8003A3F50 /* Main.storyboard */ = {
			isa = PBXVariantGroup;
			children = (
				F4F14B621BD6EDC8003A3F50 /* Base */,
			);
			name = Main.storyboard;
			sourceTree = "<group>";
		};
		F4F14B661BD6EDC8003A3F50 /* LaunchScreen.storyboard */ = {
			isa = PBXVariantGroup;
			children = (
				F4F14B671BD6EDC8003A3F50 /* Base */,
			);
			name = LaunchScreen.storyboard;
			sourceTree = "<group>";
		};
/* End PBXVariantGroup section */

/* Begin XCBuildConfiguration section */
		F4F14B6A1BD6EDC8003A3F50 /* Debug */ = {
			isa = XCBuildConfiguration;
			buildSettings = {
				ALWAYS_SEARCH_USER_PATHS = NO;
				CLANG_CXX_LANGUAGE_STANDARD = "gnu++0x";
				CLANG_CXX_LIBRARY = "libc++";
				CLANG_ENABLE_MODULES = YES;
				CLANG_ENABLE_OBJC_ARC = YES;
				CLANG_WARN_BOOL_CONVERSION = YES;
				CLANG_WARN_CONSTANT_CONVERSION = YES;
				CLANG_WARN_DIRECT_OBJC_ISA_USAGE = YES_ERROR;
				CLANG_WARN_EMPTY_BODY = YES;
				CLANG_WARN_ENUM_CONVERSION = YES;
				CLANG_WARN_INT_CONVERSION = YES;
				CLANG_WARN_OBJC_ROOT_CLASS = YES_ERROR;
				CLANG_WARN_UNREACHABLE_CODE = YES;
				CLANG_WARN__DUPLICATE_METHOD_MATCH = YES;
				"CODE_SIGN_IDENTITY[sdk=iphoneos*]" = "iPhone Developer";
				COPY_PHASE_STRIP = NO;
				DEBUG_INFORMATION_FORMAT = dwarf;
				ENABLE_STRICT_OBJC_MSGSEND = YES;
				ENABLE_TESTABILITY = YES;
				GCC_C_LANGUAGE_STANDARD = gnu99;
				GCC_DYNAMIC_NO_PIC = NO;
				GCC_NO_COMMON_BLOCKS = YES;
				GCC_OPTIMIZATION_LEVEL = 0;
				GCC_PREPROCESSOR_DEFINITIONS = (
					"DEBUG=1",
					"$(inherited)",
				);
				GCC_WARN_64_TO_32_BIT_CONVERSION = YES;
				GCC_WARN_ABOUT_RETURN_TYPE = YES_ERROR;
				GCC_WARN_UNDECLARED_SELECTOR = YES;
				GCC_WARN_UNINITIALIZED_AUTOS = YES_AGGRESSIVE;
				GCC_WARN_UNUSED_FUNCTION = YES;
				GCC_WARN_UNUSED_VARIABLE = YES;
				IPHONEOS_DEPLOYMENT_TARGET = 9.0;
				MTL_ENABLE_DEBUG_INFO = YES;
				ONLY_ACTIVE_ARCH = YES;
				SDKROOT = iphoneos;
				SWIFT_OPTIMIZATION_LEVEL = "-Onone";
				TARGETED_DEVICE_FAMILY = "1,2";
			};
			name = Debug;
		};
		F4F14B6B1BD6EDC8003A3F50 /* Release */ = {
			isa = XCBuildConfiguration;
			buildSettings = {
				ALWAYS_SEARCH_USER_PATHS = NO;
				CLANG_CXX_LANGUAGE_STANDARD = "gnu++0x";
				CLANG_CXX_LIBRARY = "libc++";
				CLANG_ENABLE_MODULES = YES;
				CLANG_ENABLE_OBJC_ARC = YES;
				CLANG_WARN_BOOL_CONVERSION = YES;
				CLANG_WARN_CONSTANT_CONVERSION = YES;
				CLANG_WARN_DIRECT_OBJC_ISA_USAGE = YES_ERROR;
				CLANG_WARN_EMPTY_BODY = YES;
				CLANG_WARN_ENUM_CONVERSION = YES;
				CLANG_WARN_INT_CONVERSION = YES;
				CLANG_WARN_OBJC_ROOT_CLASS = YES_ERROR;
				CLANG_WARN_UNREACHABLE_CODE = YES;
				CLANG_WARN__DUPLICATE_METHOD_MATCH = YES;
				"CODE_SIGN_IDENTITY[sdk=iphoneos*]" = "iPhone Developer";
				COPY_PHASE_STRIP = NO;
				DEBUG_INFORMATION_FORMAT = "dwarf-with-dsym";
				ENABLE_NS_ASSERTIONS = NO;
				ENABLE_STRICT_OBJC_MSGSEND = YES;
				GCC_C_LANGUAGE_STANDARD = gnu99;
				GCC_NO_COMMON_BLOCKS = YES;
				GCC_WARN_64_TO_32_BIT_CONVERSION = YES;
				GCC_WARN_ABOUT_RETURN_TYPE = YES_ERROR;
				GCC_WARN_UNDECLARED_SELECTOR = YES;
				GCC_WARN_UNINITIALIZED_AUTOS = YES_AGGRESSIVE;
				GCC_WARN_UNUSED_FUNCTION = YES;
				GCC_WARN_UNUSED_VARIABLE = YES;
				IPHONEOS_DEPLOYMENT_TARGET = 9.0;
				MTL_ENABLE_DEBUG_INFO = NO;
				SDKROOT = iphoneos;
				TARGETED_DEVICE_FAMILY = "1,2";
				VALIDATE_PRODUCT = YES;
			};
			name = Release;
		};
		F4F14B6D1BD6EDC8003A3F50 /* Debug */ = {
			isa = XCBuildConfiguration;
			buildSettings = {
				ASSETCATALOG_COMPILER_APPICON_NAME = AppIcon;
				INFOPLIST_FILE = DoThat/Info.plist;
				LD_RUNPATH_SEARCH_PATHS = "$(inherited) @executable_path/Frameworks";
				PRODUCT_BUNDLE_IDENTIFIER = dotZoki.DoThat;
				PRODUCT_NAME = "$(TARGET_NAME)";
			};
			name = Debug;
		};
		F4F14B6E1BD6EDC8003A3F50 /* Release */ = {
			isa = XCBuildConfiguration;
			buildSettings = {
				ASSETCATALOG_COMPILER_APPICON_NAME = AppIcon;
				INFOPLIST_FILE = DoThat/Info.plist;
				LD_RUNPATH_SEARCH_PATHS = "$(inherited) @executable_path/Frameworks";
				PRODUCT_BUNDLE_IDENTIFIER = dotZoki.DoThat;
				PRODUCT_NAME = "$(TARGET_NAME)";
			};
			name = Release;
		};
/* End XCBuildConfiguration section */

/* Begin XCConfigurationList section */
		F4F14B551BD6EDC8003A3F50 /* Build configuration list for PBXProject "DoThat" */ = {
			isa = XCConfigurationList;
			buildConfigurations = (
				F4F14B6A1BD6EDC8003A3F50 /* Debug */,
				F4F14B6B1BD6EDC8003A3F50 /* Release */,
			);
			defaultConfigurationIsVisible = 0;
			defaultConfigurationName = Release;
		};
		F4F14B6C1BD6EDC8003A3F50 /* Build configuration list for PBXNativeTarget "DoThat" */ = {
			isa = XCConfigurationList;
			buildConfigurations = (
				F4F14B6D1BD6EDC8003A3F50 /* Debug */,
				F4F14B6E1BD6EDC8003A3F50 /* Release */,
			);
			defaultConfigurationIsVisible = 0;
		};
/* End XCConfigurationList section */
	};
	rootObject = F4F14B521BD6EDC8003A3F50 /* Project object */;
}
