// !$*UTF8*$!
{
	archiveVersion = 1;
	classes = {
	};
	objectVersion = 46;
	objects = {

/* Begin PBXBuildFile section */
		F4D5E7A31BE7CD1500A67D88 /* AppDelegate.swift in Sources */ = {isa = PBXBuildFile; fileRef = F4D5E7A21BE7CD1500A67D88 /* AppDelegate.swift */; };
		F4D5E7A51BE7CD1500A67D88 /* ViewController.swift in Sources */ = {isa = PBXBuildFile; fileRef = F4D5E7A41BE7CD1500A67D88 /* ViewController.swift */; };
		F4D5E7A81BE7CD1500A67D88 /* Main.storyboard in Resources */ = {isa = PBXBuildFile; fileRef = F4D5E7A61BE7CD1500A67D88 /* Main.storyboard */; };
		F4D5E7AA1BE7CD1500A67D88 /* Assets.xcassets in Resources */ = {isa = PBXBuildFile; fileRef = F4D5E7A91BE7CD1500A67D88 /* Assets.xcassets */; };
		F4D5E7AD1BE7CD1500A67D88 /* LaunchScreen.storyboard in Resources */ = {isa = PBXBuildFile; fileRef = F4D5E7AB1BE7CD1500A67D88 /* LaunchScreen.storyboard */; };
		F4D5E7B51BE7D05F00A67D88 /* DetailViewController.swift in Sources */ = {isa = PBXBuildFile; fileRef = F4D5E7B41BE7D05F00A67D88 /* DetailViewController.swift */; };
/* End PBXBuildFile section */

/* Begin PBXFileReference section */
		F4D5E79F1BE7CD1500A67D88 /* ImageViewer.app */ = {isa = PBXFileReference; explicitFileType = wrapper.application; includeInIndex = 0; path = ImageViewer.app; sourceTree = BUILT_PRODUCTS_DIR; };
		F4D5E7A21BE7CD1500A67D88 /* AppDelegate.swift */ = {isa = PBXFileReference; lastKnownFileType = sourcecode.swift; path = AppDelegate.swift; sourceTree = "<group>"; };
		F4D5E7A41BE7CD1500A67D88 /* ViewController.swift */ = {isa = PBXFileReference; lastKnownFileType = sourcecode.swift; path = ViewController.swift; sourceTree = "<group>"; };
		F4D5E7A71BE7CD1500A67D88 /* Base */ = {isa = PBXFileReference; lastKnownFileType = file.storyboard; name = Base; path = Base.lproj/Main.storyboard; sourceTree = "<group>"; };
		F4D5E7A91BE7CD1500A67D88 /* Assets.xcassets */ = {isa = PBXFileReference; lastKnownFileType = folder.assetcatalog; path = Assets.xcassets; sourceTree = "<group>"; };
		F4D5E7AC1BE7CD1500A67D88 /* Base */ = {isa = PBXFileReference; lastKnownFileType = file.storyboard; name = Base; path = Base.lproj/LaunchScreen.storyboard; sourceTree = "<group>"; };
		F4D5E7AE1BE7CD1500A67D88 /* Info.plist */ = {isa = PBXFileReference; lastKnownFileType = text.plist.xml; path = Info.plist; sourceTree = "<group>"; };
		F4D5E7B41BE7D05F00A67D88 /* DetailViewController.swift */ = {isa = PBXFileReference; fileEncoding = 4; lastKnownFileType = sourcecode.swift; path = DetailViewController.swift; sourceTree = "<group>"; };
/* End PBXFileReference section */

/* Begin PBXFrameworksBuildPhase section */
		F4D5E79C1BE7CD1500A67D88 /* Frameworks */ = {
			isa = PBXFrameworksBuildPhase;
			buildActionMask = 2147483647;
			files = (
			);
			runOnlyForDeploymentPostprocessing = 0;
		};
/* End PBXFrameworksBuildPhase section */

/* Begin PBXGroup section */
		F4D5E7961BE7CD1500A67D88 = {
			isa = PBXGroup;
			children = (
				F4D5E7A11BE7CD1500A67D88 /* ImageViewer */,
				F4D5E7A01BE7CD1500A67D88 /* Products */,
			);
			sourceTree = "<group>";
		};
		F4D5E7A01BE7CD1500A67D88 /* Products */ = {
			isa = PBXGroup;
			children = (
				F4D5E79F1BE7CD1500A67D88 /* ImageViewer.app */,
			);
			name = Products;
			sourceTree = "<group>";
		};
		F4D5E7A11BE7CD1500A67D88 /* ImageViewer */ = {
			isa = PBXGroup;
			children = (
				F4D5E7A21BE7CD1500A67D88 /* AppDelegate.swift */,
				F4D5E7A41BE7CD1500A67D88 /* ViewController.swift */,
				F4D5E7A61BE7CD1500A67D88 /* Main.storyboard */,
				F4D5E7A91BE7CD1500A67D88 /* Assets.xcassets */,
				F4D5E7AB1BE7CD1500A67D88 /* LaunchScreen.storyboard */,
				F4D5E7AE1BE7CD1500A67D88 /* Info.plist */,
				F4D5E7B41BE7D05F00A67D88 /* DetailViewController.swift */,
			);
			path = ImageViewer;
			sourceTree = "<group>";
		};
/* End PBXGroup section */

/* Begin PBXNativeTarget section */
		F4D5E79E1BE7CD1500A67D88 /* ImageViewer */ = {
			isa = PBXNativeTarget;
			buildConfigurationList = F4D5E7B11BE7CD1500A67D88 /* Build configuration list for PBXNativeTarget "ImageViewer" */;
			buildPhases = (
				F4D5E79B1BE7CD1500A67D88 /* Sources */,
				F4D5E79C1BE7CD1500A67D88 /* Frameworks */,
				F4D5E79D1BE7CD1500A67D88 /* Resources */,
			);
			buildRules = (
			);
			dependencies = (
			);
			name = ImageViewer;
			productName = ImageViewer;
			productReference = F4D5E79F1BE7CD1500A67D88 /* ImageViewer.app */;
			productType = "com.apple.product-type.application";
		};
/* End PBXNativeTarget section */

/* Begin PBXProject section */
		F4D5E7971BE7CD1500A67D88 /* Project object */ = {
			isa = PBXProject;
			attributes = {
				LastSwiftUpdateCheck = 0710;
				LastUpgradeCheck = 0710;
				ORGANIZATIONNAME = "Zoran Lazic";
				TargetAttributes = {
					F4D5E79E1BE7CD1500A67D88 = {
						CreatedOnToolsVersion = 7.1;
					};
				};
			};
			buildConfigurationList = F4D5E79A1BE7CD1500A67D88 /* Build configuration list for PBXProject "ImageViewer" */;
			compatibilityVersion = "Xcode 3.2";
			developmentRegion = English;
			hasScannedForEncodings = 0;
			knownRegions = (
				en,
				Base,
			);
			mainGroup = F4D5E7961BE7CD1500A67D88;
			productRefGroup = F4D5E7A01BE7CD1500A67D88 /* Products */;
			projectDirPath = "";
			projectRoot = "";
			targets = (
				F4D5E79E1BE7CD1500A67D88 /* ImageViewer */,
			);
		};
/* End PBXProject section */

/* Begin PBXResourcesBuildPhase section */
		F4D5E79D1BE7CD1500A67D88 /* Resources */ = {
			isa = PBXResourcesBuildPhase;
			buildActionMask = 2147483647;
			files = (
				F4D5E7AD1BE7CD1500A67D88 /* LaunchScreen.storyboard in Resources */,
				F4D5E7AA1BE7CD1500A67D88 /* Assets.xcassets in Resources */,
				F4D5E7A81BE7CD1500A67D88 /* Main.storyboard in Resources */,
			);
			runOnlyForDeploymentPostprocessing = 0;
		};
/* End PBXResourcesBuildPhase section */

/* Begin PBXSourcesBuildPhase section */
		F4D5E79B1BE7CD1500A67D88 /* Sources */ = {
			isa = PBXSourcesBuildPhase;
			buildActionMask = 2147483647;
			files = (
				F4D5E7B51BE7D05F00A67D88 /* DetailViewController.swift in Sources */,
				F4D5E7A51BE7CD1500A67D88 /* ViewController.swift in Sources */,
				F4D5E7A31BE7CD1500A67D88 /* AppDelegate.swift in Sources */,
			);
			runOnlyForDeploymentPostprocessing = 0;
		};
/* End PBXSourcesBuildPhase section */

/* Begin PBXVariantGroup section */
		F4D5E7A61BE7CD1500A67D88 /* Main.storyboard */ = {
			isa = PBXVariantGroup;
			children = (
				F4D5E7A71BE7CD1500A67D88 /* Base */,
			);
			name = Main.storyboard;
			sourceTree = "<group>";
		};
		F4D5E7AB1BE7CD1500A67D88 /* LaunchScreen.storyboard */ = {
			isa = PBXVariantGroup;
			children = (
				F4D5E7AC1BE7CD1500A67D88 /* Base */,
			);
			name = LaunchScreen.storyboard;
			sourceTree = "<group>";
		};
/* End PBXVariantGroup section */

/* Begin XCBuildConfiguration section */
		F4D5E7AF1BE7CD1500A67D88 /* Debug */ = {
			isa = XCBuildConfiguration;
			buildSettings = {
				ALWAYS_SEARCH_USER_PATHS = NO;
				CLANG_CXX_LANGUAGE_STANDARD = "gnu++0x";
				CLANG_CXX_LIBRARY = "libc++";
				CLANG_ENABLE_MODULES = YES;
				CLANG_ENABLE_OBJC_ARC = YES;
				CLANG_WARN_BOOL_CONVERSION = YES;
				CLANG_WARN_CONSTANT_CONVERSION = YES;
				CLANG_WARN_DIRECT_OBJC_ISA_USAGE = YES_ERROR;
				CLANG_WARN_EMPTY_BODY = YES;
				CLANG_WARN_ENUM_CONVERSION = YES;
				CLANG_WARN_INT_CONVERSION = YES;
				CLANG_WARN_OBJC_ROOT_CLASS = YES_ERROR;
				CLANG_WARN_UNREACHABLE_CODE = YES;
				CLANG_WARN__DUPLICATE_METHOD_MATCH = YES;
				"CODE_SIGN_IDENTITY[sdk=iphoneos*]" = "iPhone Developer";
				COPY_PHASE_STRIP = NO;
				DEBUG_INFORMATION_FORMAT = dwarf;
				ENABLE_STRICT_OBJC_MSGSEND = YES;
				ENABLE_TESTABILITY = YES;
				GCC_C_LANGUAGE_STANDARD = gnu99;
				GCC_DYNAMIC_NO_PIC = NO;
				GCC_NO_COMMON_BLOCKS = YES;
				GCC_OPTIMIZATION_LEVEL = 0;
				GCC_PREPROCESSOR_DEFINITIONS = (
					"DEBUG=1",
					"$(inherited)",
				);
				GCC_WARN_64_TO_32_BIT_CONVERSION = YES;
				GCC_WARN_ABOUT_RETURN_TYPE = YES_ERROR;
				GCC_WARN_UNDECLARED_SELECTOR = YES;
				GCC_WARN_UNINITIALIZED_AUTOS = YES_AGGRESSIVE;
				GCC_WARN_UNUSED_FUNCTION = YES;
				GCC_WARN_UNUSED_VARIABLE = YES;
				IPHONEOS_DEPLOYMENT_TARGET = 9.1;
				MTL_ENABLE_DEBUG_INFO = YES;
				ONLY_ACTIVE_ARCH = YES;
				SDKROOT = iphoneos;
				SWIFT_OPTIMIZATION_LEVEL = "-Onone";
				TARGETED_DEVICE_FAMILY = "1,2";
			};
			name = Debug;
		};
		F4D5E7B01BE7CD1500A67D88 /* Release */ = {
			isa = XCBuildConfiguration;
			buildSettings = {
				ALWAYS_SEARCH_USER_PATHS = NO;
				CLANG_CXX_LANGUAGE_STANDARD = "gnu++0x";
				CLANG_CXX_LIBRARY = "libc++";
				CLANG_ENABLE_MODULES = YES;
				CLANG_ENABLE_OBJC_ARC = YES;
				CLANG_WARN_BOOL_CONVERSION = YES;
				CLANG_WARN_CONSTANT_CONVERSION = YES;
				CLANG_WARN_DIRECT_OBJC_ISA_USAGE = YES_ERROR;
				CLANG_WARN_EMPTY_BODY = YES;
				CLANG_WARN_ENUM_CONVERSION = YES;
				CLANG_WARN_INT_CONVERSION = YES;
				CLANG_WARN_OBJC_ROOT_CLASS = YES_ERROR;
				CLANG_WARN_UNREACHABLE_CODE = YES;
				CLANG_WARN__DUPLICATE_METHOD_MATCH = YES;
				"CODE_SIGN_IDENTITY[sdk=iphoneos*]" = "iPhone Developer";
				COPY_PHASE_STRIP = NO;
				DEBUG_INFORMATION_FORMAT = "dwarf-with-dsym";
				ENABLE_NS_ASSERTIONS = NO;
				ENABLE_STRICT_OBJC_MSGSEND = YES;
				GCC_C_LANGUAGE_STANDARD = gnu99;
				GCC_NO_COMMON_BLOCKS = YES;
				GCC_WARN_64_TO_32_BIT_CONVERSION = YES;
				GCC_WARN_ABOUT_RETURN_TYPE = YES_ERROR;
				GCC_WARN_UNDECLARED_SELECTOR = YES;
				GCC_WARN_UNINITIALIZED_AUTOS = YES_AGGRESSIVE;
				GCC_WARN_UNUSED_FUNCTION = YES;
				GCC_WARN_UNUSED_VARIABLE = YES;
				IPHONEOS_DEPLOYMENT_TARGET = 9.1;
				MTL_ENABLE_DEBUG_INFO = NO;
				SDKROOT = iphoneos;
				TARGETED_DEVICE_FAMILY = "1,2";
				VALIDATE_PRODUCT = YES;
			};
			name = Release;
		};
		F4D5E7B21BE7CD1500A67D88 /* Debug */ = {
			isa = XCBuildConfiguration;
			buildSettings = {
				ASSETCATALOG_COMPILER_APPICON_NAME = AppIcon;
				INFOPLIST_FILE = ImageViewer/Info.plist;
				LD_RUNPATH_SEARCH_PATHS = "$(inherited) @executable_path/Frameworks";
				PRODUCT_BUNDLE_IDENTIFIER = dotZoki.ImageViewer;
				PRODUCT_NAME = "$(TARGET_NAME)";
			};
			name = Debug;
		};
		F4D5E7B31BE7CD1500A67D88 /* Release */ = {
			isa = XCBuildConfiguration;
			buildSettings = {
				ASSETCATALOG_COMPILER_APPICON_NAME = AppIcon;
				INFOPLIST_FILE = ImageViewer/Info.plist;
				LD_RUNPATH_SEARCH_PATHS = "$(inherited) @executable_path/Frameworks";
				PRODUCT_BUNDLE_IDENTIFIER = dotZoki.ImageViewer;
				PRODUCT_NAME = "$(TARGET_NAME)";
			};
			name = Release;
		};
/* End XCBuildConfiguration section */

/* Begin XCConfigurationList section */
		F4D5E79A1BE7CD1500A67D88 /* Build configuration list for PBXProject "ImageViewer" */ = {
			isa = XCConfigurationList;
			buildConfigurations = (
				F4D5E7AF1BE7CD1500A67D88 /* Debug */,
				F4D5E7B01BE7CD1500A67D88 /* Release */,
			);
			defaultConfigurationIsVisible = 0;
			defaultConfigurationName = Release;
		};
		F4D5E7B11BE7CD1500A67D88 /* Build configuration list for PBXNativeTarget "ImageViewer" */ = {
			isa = XCConfigurationList;
			buildConfigurations = (
				F4D5E7B21BE7CD1500A67D88 /* Debug */,
				F4D5E7B31BE7CD1500A67D88 /* Release */,
			);
			defaultConfigurationIsVisible = 0;
		};
/* End XCConfigurationList section */
	};
	rootObject = F4D5E7971BE7CD1500A67D88 /* Project object */;
}
